// !$*UTF8*$!
{
	archiveVersion = 1;
	classes = {
	};
	objectVersion = 55;
	objects = {

/* Begin PBXBuildFile section */
		58D55FE5284D24EB00643513 /* SocialacademyApp.swift in Sources */ = {isa = PBXBuildFile; fileRef = 58D55FE4284D24EB00643513 /* SocialacademyApp.swift */; };
		58D55FE9284D24EB00643513 /* Assets.xcassets in Resources */ = {isa = PBXBuildFile; fileRef = 58D55FE8284D24EB00643513 /* Assets.xcassets */; };
		58D55FEC284D24EB00643513 /* Preview Assets.xcassets in Resources */ = {isa = PBXBuildFile; fileRef = 58D55FEB284D24EB00643513 /* Preview Assets.xcassets */; };
		58D55FF4284D258600643513 /* FirebaseAnalytics in Frameworks */ = {isa = PBXBuildFile; productRef = 58D55FF3284D258600643513 /* FirebaseAnalytics */; };
		58D55FF6284D258600643513 /* FirebaseFirestore in Frameworks */ = {isa = PBXBuildFile; productRef = 58D55FF5284D258600643513 /* FirebaseFirestore */; };
		58D55FF8284D258600643513 /* FirebaseFirestoreSwift in Frameworks */ = {isa = PBXBuildFile; productRef = 58D55FF7284D258600643513 /* FirebaseFirestoreSwift */; };
		58D55FFA284D4E5700643513 /* GoogleService-Info.plist in Resources */ = {isa = PBXBuildFile; fileRef = 58D55FF9284D4E5700643513 /* GoogleService-Info.plist */; };
		58D55FFE284D557500643513 /* Post.swift in Sources */ = {isa = PBXBuildFile; fileRef = 58D55FFD284D557500643513 /* Post.swift */; };
		58D56000284D562B00643513 /* PostsList.swift in Sources */ = {isa = PBXBuildFile; fileRef = 58D55FFF284D562B00643513 /* PostsList.swift */; };
		58D56002284D584F00643513 /* PostRow.swift in Sources */ = {isa = PBXBuildFile; fileRef = 58D56001284D584F00643513 /* PostRow.swift */; };
/* End PBXBuildFile section */

/* Begin PBXFileReference section */
		58D55FE1284D24EB00643513 /* Socialacademy.app */ = {isa = PBXFileReference; explicitFileType = wrapper.application; includeInIndex = 0; path = Socialacademy.app; sourceTree = BUILT_PRODUCTS_DIR; };
		58D55FE4284D24EB00643513 /* SocialacademyApp.swift */ = {isa = PBXFileReference; lastKnownFileType = sourcecode.swift; path = SocialacademyApp.swift; sourceTree = "<group>"; };
		58D55FE8284D24EB00643513 /* Assets.xcassets */ = {isa = PBXFileReference; lastKnownFileType = folder.assetcatalog; path = Assets.xcassets; sourceTree = "<group>"; };
		58D55FEB284D24EB00643513 /* Preview Assets.xcassets */ = {isa = PBXFileReference; lastKnownFileType = folder.assetcatalog; path = "Preview Assets.xcassets"; sourceTree = "<group>"; };
		58D55FF9284D4E5700643513 /* GoogleService-Info.plist */ = {isa = PBXFileReference; fileEncoding = 4; lastKnownFileType = text.plist.xml; path = "GoogleService-Info.plist"; sourceTree = "<group>"; };
		58D55FFD284D557500643513 /* Post.swift */ = {isa = PBXFileReference; lastKnownFileType = sourcecode.swift; path = Post.swift; sourceTree = "<group>"; };
		58D55FFF284D562B00643513 /* PostsList.swift */ = {isa = PBXFileReference; lastKnownFileType = sourcecode.swift; path = PostsList.swift; sourceTree = "<group>"; };
		58D56001284D584F00643513 /* PostRow.swift */ = {isa = PBXFileReference; lastKnownFileType = sourcecode.swift; path = PostRow.swift; sourceTree = "<group>"; };
/* End PBXFileReference section */

/* Begin PBXFrameworksBuildPhase section */
		58D55FDE284D24EB00643513 /* Frameworks */ = {
			isa = PBXFrameworksBuildPhase;
			buildActionMask = 2147483647;
			files = (
				58D55FF4284D258600643513 /* FirebaseAnalytics in Frameworks */,
				58D55FF6284D258600643513 /* FirebaseFirestore in Frameworks */,
				58D55FF8284D258600643513 /* FirebaseFirestoreSwift in Frameworks */,
			);
			runOnlyForDeploymentPostprocessing = 0;
		};
/* End PBXFrameworksBuildPhase section */

/* Begin PBXGroup section */
		58D55FD8284D24EB00643513 = {
			isa = PBXGroup;
			children = (
				58D55FE3284D24EB00643513 /* Socialacademy */,
				58D55FE2284D24EB00643513 /* Products */,
			);
			sourceTree = "<group>";
		};
		58D55FE2284D24EB00643513 /* Products */ = {
			isa = PBXGroup;
			children = (
				58D55FE1284D24EB00643513 /* Socialacademy.app */,
			);
			name = Products;
			sourceTree = "<group>";
		};
		58D55FE3284D24EB00643513 /* Socialacademy */ = {
			isa = PBXGroup;
			children = (
				58D55FE4284D24EB00643513 /* SocialacademyApp.swift */,
				58D55FFD284D557500643513 /* Post.swift */,
				58D55FFC284D546700643513 /* Views */,
				58D55FFB284D53DD00643513 /* Resources */,
			);
			path = Socialacademy;
			sourceTree = "<group>";
		};
		58D55FEA284D24EB00643513 /* Preview Content */ = {
			isa = PBXGroup;
			children = (
				58D55FEB284D24EB00643513 /* Preview Assets.xcassets */,
			);
			path = "Preview Content";
			sourceTree = "<group>";
		};
		58D55FFB284D53DD00643513 /* Resources */ = {
			isa = PBXGroup;
			children = (
				58D55FE8284D24EB00643513 /* Assets.xcassets */,
				58D55FF9284D4E5700643513 /* GoogleService-Info.plist */,
				58D55FEA284D24EB00643513 /* Preview Content */,
			);
			path = Resources;
			sourceTree = "<group>";
		};
		58D55FFC284D546700643513 /* Views */ = {
			isa = PBXGroup;
			children = (
				58D55FFF284D562B00643513 /* PostsList.swift */,
				58D56001284D584F00643513 /* PostRow.swift */,
			);
			path = Views;
			sourceTree = "<group>";
		};
/* End PBXGroup section */

/* Begin PBXNativeTarget section */
		58D55FE0284D24EB00643513 /* Socialacademy */ = {
			isa = PBXNativeTarget;
			buildConfigurationList = 58D55FEF284D24EB00643513 /* Build configuration list for PBXNativeTarget "Socialacademy" */;
			buildPhases = (
				58D55FDD284D24EB00643513 /* Sources */,
				58D55FDE284D24EB00643513 /* Frameworks */,
				58D55FDF284D24EB00643513 /* Resources */,
			);
			buildRules = (
			);
			dependencies = (
			);
			name = Socialacademy;
			packageProductDependencies = (
				58D55FF3284D258600643513 /* FirebaseAnalytics */,
				58D55FF5284D258600643513 /* FirebaseFirestore */,
				58D55FF7284D258600643513 /* FirebaseFirestoreSwift */,
			);
			productName = Socialacademy;
			productReference = 58D55FE1284D24EB00643513 /* Socialacademy.app */;
			productType = "com.apple.product-type.application";
		};
/* End PBXNativeTarget section */

/* Begin PBXProject section */
		58D55FD9284D24EB00643513 /* Project object */ = {
			isa = PBXProject;
			attributes = {
				BuildIndependentTargetsInParallel = 1;
				LastSwiftUpdateCheck = 1340;
				LastUpgradeCheck = 1340;
				TargetAttributes = {
					58D55FE0284D24EB00643513 = {
						CreatedOnToolsVersion = 13.4;
					};
				};
			};
			buildConfigurationList = 58D55FDC284D24EB00643513 /* Build configuration list for PBXProject "Socialacademy" */;
			compatibilityVersion = "Xcode 13.0";
			developmentRegion = en;
			hasScannedForEncodings = 0;
			knownRegions = (
				en,
				Base,
			);
			mainGroup = 58D55FD8284D24EB00643513;
			packageReferences = (
				58D55FF2284D258600643513 /* XCRemoteSwiftPackageReference "firebase-ios-sdk" */,
			);
			productRefGroup = 58D55FE2284D24EB00643513 /* Products */;
			projectDirPath = "";
			projectRoot = "";
			targets = (
				58D55FE0284D24EB00643513 /* Socialacademy */,
			);
		};
/* End PBXProject section */

/* Begin PBXResourcesBuildPhase section */
		58D55FDF284D24EB00643513 /* Resources */ = {
			isa = PBXResourcesBuildPhase;
			buildActionMask = 2147483647;
			files = (
				58D55FEC284D24EB00643513 /* Preview Assets.xcassets in Resources */,
				58D55FE9284D24EB00643513 /* Assets.xcassets in Resources */,
				58D55FFA284D4E5700643513 /* GoogleService-Info.plist in Resources */,
			);
			runOnlyForDeploymentPostprocessing = 0;
		};
/* End PBXResourcesBuildPhase section */

/* Begin PBXSourcesBuildPhase section */
		58D55FDD284D24EB00643513 /* Sources */ = {
			isa = PBXSourcesBuildPhase;
			buildActionMask = 2147483647;
			files = (
				58D55FFE284D557500643513 /* Post.swift in Sources */,
				58D55FE5284D24EB00643513 /* SocialacademyApp.swift in Sources */,
				58D56002284D584F00643513 /* PostRow.swift in Sources */,
				58D56000284D562B00643513 /* PostsList.swift in Sources */,
			);
			runOnlyForDeploymentPostprocessing = 0;
		};
/* End PBXSourcesBuildPhase section */

/* Begin XCBuildConfiguration section */
		58D55FED284D24EB00643513 /* Debug */ = {
			isa = XCBuildConfiguration;
			buildSettings = {
				ALWAYS_SEARCH_USER_PATHS = NO;
				CLANG_ANALYZER_NONNULL = YES;
				CLANG_ANALYZER_NUMBER_OBJECT_CONVERSION = YES_AGGRESSIVE;
				CLANG_CXX_LANGUAGE_STANDARD = "gnu++17";
				CLANG_ENABLE_MODULES = YES;
				CLANG_ENABLE_OBJC_ARC = YES;
				CLANG_ENABLE_OBJC_WEAK = YES;
				CLANG_WARN_BLOCK_CAPTURE_AUTORELEASING = YES;
				CLANG_WARN_BOOL_CONVERSION = YES;
				CLANG_WARN_COMMA = YES;
				CLANG_WARN_CONSTANT_CONVERSION = YES;
				CLANG_WARN_DEPRECATED_OBJC_IMPLEMENTATIONS = YES;
				CLANG_WARN_DIRECT_OBJC_ISA_USAGE = YES_ERROR;
				CLANG_WARN_DOCUMENTATION_COMMENTS = YES;
				CLANG_WARN_EMPTY_BODY = YES;
				CLANG_WARN_ENUM_CONVERSION = YES;
				CLANG_WARN_INFINITE_RECURSION = YES;
				CLANG_WARN_INT_CONVERSION = YES;
				CLANG_WARN_NON_LITERAL_NULL_CONVERSION = YES;
				CLANG_WARN_OBJC_IMPLICIT_RETAIN_SELF = YES;
				CLANG_WARN_OBJC_LITERAL_CONVERSION = YES;
				CLANG_WARN_OBJC_ROOT_CLASS = YES_ERROR;
				CLANG_WARN_QUOTED_INCLUDE_IN_FRAMEWORK_HEADER = YES;
				CLANG_WARN_RANGE_LOOP_ANALYSIS = YES;
				CLANG_WARN_STRICT_PROTOTYPES = YES;
				CLANG_WARN_SUSPICIOUS_MOVE = YES;
				CLANG_WARN_UNGUARDED_AVAILABILITY = YES_AGGRESSIVE;
				CLANG_WARN_UNREACHABLE_CODE = YES;
				CLANG_WARN__DUPLICATE_METHOD_MATCH = YES;
				COPY_PHASE_STRIP = NO;
				DEBUG_INFORMATION_FORMAT = dwarf;
				ENABLE_STRICT_OBJC_MSGSEND = YES;
				ENABLE_TESTABILITY = YES;
				GCC_C_LANGUAGE_STANDARD = gnu11;
				GCC_DYNAMIC_NO_PIC = NO;
				GCC_NO_COMMON_BLOCKS = YES;
				GCC_OPTIMIZATION_LEVEL = 0;
				GCC_PREPROCESSOR_DEFINITIONS = (
					"DEBUG=1",
					"$(inherited)",
				);
				GCC_WARN_64_TO_32_BIT_CONVERSION = YES;
				GCC_WARN_ABOUT_RETURN_TYPE = YES_ERROR;
				GCC_WARN_UNDECLARED_SELECTOR = YES;
				GCC_WARN_UNINITIALIZED_AUTOS = YES_AGGRESSIVE;
				GCC_WARN_UNUSED_FUNCTION = YES;
				GCC_WARN_UNUSED_VARIABLE = YES;
				IPHONEOS_DEPLOYMENT_TARGET = 15.5;
				MTL_ENABLE_DEBUG_INFO = INCLUDE_SOURCE;
				MTL_FAST_MATH = YES;
				ONLY_ACTIVE_ARCH = YES;
				SDKROOT = iphoneos;
				SWIFT_ACTIVE_COMPILATION_CONDITIONS = DEBUG;
				SWIFT_OPTIMIZATION_LEVEL = "-Onone";
			};
			name = Debug;
		};
		58D55FEE284D24EB00643513 /* Release */ = {
			isa = XCBuildConfiguration;
			buildSettings = {
				ALWAYS_SEARCH_USER_PATHS = NO;
				CLANG_ANALYZER_NONNULL = YES;
				CLANG_ANALYZER_NUMBER_OBJECT_CONVERSION = YES_AGGRESSIVE;
				CLANG_CXX_LANGUAGE_STANDARD = "gnu++17";
				CLANG_ENABLE_MODULES = YES;
				CLANG_ENABLE_OBJC_ARC = YES;
				CLANG_ENABLE_OBJC_WEAK = YES;
				CLANG_WARN_BLOCK_CAPTURE_AUTORELEASING = YES;
				CLANG_WARN_BOOL_CONVERSION = YES;
				CLANG_WARN_COMMA = YES;
				CLANG_WARN_CONSTANT_CONVERSION = YES;
				CLANG_WARN_DEPRECATED_OBJC_IMPLEMENTATIONS = YES;
				CLANG_WARN_DIRECT_OBJC_ISA_USAGE = YES_ERROR;
				CLANG_WARN_DOCUMENTATION_COMMENTS = YES;
				CLANG_WARN_EMPTY_BODY = YES;
				CLANG_WARN_ENUM_CONVERSION = YES;
				CLANG_WARN_INFINITE_RECURSION = YES;
				CLANG_WARN_INT_CONVERSION = YES;
				CLANG_WARN_NON_LITERAL_NULL_CONVERSION = YES;
				CLANG_WARN_OBJC_IMPLICIT_RETAIN_SELF = YES;
				CLANG_WARN_OBJC_LITERAL_CONVERSION = YES;
				CLANG_WARN_OBJC_ROOT_CLASS = YES_ERROR;
				CLANG_WARN_QUOTED_INCLUDE_IN_FRAMEWORK_HEADER = YES;
				CLANG_WARN_RANGE_LOOP_ANALYSIS = YES;
				CLANG_WARN_STRICT_PROTOTYPES = YES;
				CLANG_WARN_SUSPICIOUS_MOVE = YES;
				CLANG_WARN_UNGUARDED_AVAILABILITY = YES_AGGRESSIVE;
				CLANG_WARN_UNREACHABLE_CODE = YES;
				CLANG_WARN__DUPLICATE_METHOD_MATCH = YES;
				COPY_PHASE_STRIP = NO;
				DEBUG_INFORMATION_FORMAT = "dwarf-with-dsym";
				ENABLE_NS_ASSERTIONS = NO;
				ENABLE_STRICT_OBJC_MSGSEND = YES;
				GCC_C_LANGUAGE_STANDARD = gnu11;
				GCC_NO_COMMON_BLOCKS = YES;
				GCC_WARN_64_TO_32_BIT_CONVERSION = YES;
				GCC_WARN_ABOUT_RETURN_TYPE = YES_ERROR;
				GCC_WARN_UNDECLARED_SELECTOR = YES;
				GCC_WARN_UNINITIALIZED_AUTOS = YES_AGGRESSIVE;
				GCC_WARN_UNUSED_FUNCTION = YES;
				GCC_WARN_UNUSED_VARIABLE = YES;
				IPHONEOS_DEPLOYMENT_TARGET = 15.5;
				MTL_ENABLE_DEBUG_INFO = NO;
				MTL_FAST_MATH = YES;
				SDKROOT = iphoneos;
				SWIFT_COMPILATION_MODE = wholemodule;
				SWIFT_OPTIMIZATION_LEVEL = "-O";
				VALIDATE_PRODUCT = YES;
			};
			name = Release;
		};
		58D55FF0284D24EB00643513 /* Debug */ = {
			isa = XCBuildConfiguration;
			buildSettings = {
				ASSETCATALOG_COMPILER_APPICON_NAME = AppIcon;
				ASSETCATALOG_COMPILER_GLOBAL_ACCENT_COLOR_NAME = AccentColor;
				CODE_SIGN_STYLE = Automatic;
				CURRENT_PROJECT_VERSION = 1;
				DEVELOPMENT_ASSET_PATHS = Socialacademy/Views/PostsList.swift;
				DEVELOPMENT_TEAM = R27EL9WB63;
				ENABLE_PREVIEWS = YES;
				GENERATE_INFOPLIST_FILE = YES;
				INFOPLIST_KEY_UIApplicationSceneManifest_Generation = YES;
				INFOPLIST_KEY_UIApplicationSupportsIndirectInputEvents = YES;
				INFOPLIST_KEY_UILaunchScreen_Generation = YES;
				INFOPLIST_KEY_UISupportedInterfaceOrientations_iPad = "UIInterfaceOrientationPortrait UIInterfaceOrientationPortraitUpsideDown UIInterfaceOrientationLandscapeLeft UIInterfaceOrientationLandscapeRight";
				INFOPLIST_KEY_UISupportedInterfaceOrientations_iPhone = "UIInterfaceOrientationPortrait UIInterfaceOrientationLandscapeLeft UIInterfaceOrientationLandscapeRight";
				IPHONEOS_DEPLOYMENT_TARGET = 15.0;
				LD_RUNPATH_SEARCH_PATHS = (
					"$(inherited)",
					"@executable_path/Frameworks",
				);
				MARKETING_VERSION = 1.0;
				PRODUCT_BUNDLE_IDENTIFIER = com.azmobiledev.Socialacademy;
				PRODUCT_NAME = "$(TARGET_NAME)";
				SWIFT_EMIT_LOC_STRINGS = YES;
				SWIFT_VERSION = 5.0;
				TARGETED_DEVICE_FAMILY = "1,2";
			};
			name = Debug;
		};
		58D55FF1284D24EB00643513 /* Release */ = {
			isa = XCBuildConfiguration;
			buildSettings = {
				ASSETCATALOG_COMPILER_APPICON_NAME = AppIcon;
				ASSETCATALOG_COMPILER_GLOBAL_ACCENT_COLOR_NAME = AccentColor;
				CODE_SIGN_STYLE = Automatic;
				CURRENT_PROJECT_VERSION = 1;
				DEVELOPMENT_ASSET_PATHS = Socialacademy/Views/PostsList.swift;
				DEVELOPMENT_TEAM = R27EL9WB63;
				ENABLE_PREVIEWS = YES;
				GENERATE_INFOPLIST_FILE = YES;
				INFOPLIST_KEY_UIApplicationSceneManifest_Generation = YES;
				INFOPLIST_KEY_UIApplicationSupportsIndirectInputEvents = YES;
				INFOPLIST_KEY_UILaunchScreen_Generation = YES;
				INFOPLIST_KEY_UISupportedInterfaceOrientations_iPad = "UIInterfaceOrientationPortrait UIInterfaceOrientationPortraitUpsideDown UIInterfaceOrientationLandscapeLeft UIInterfaceOrientationLandscapeRight";
				INFOPLIST_KEY_UISupportedInterfaceOrientations_iPhone = "UIInterfaceOrientationPortrait UIInterfaceOrientationLandscapeLeft UIInterfaceOrientationLandscapeRight";
				IPHONEOS_DEPLOYMENT_TARGET = 15.0;
				LD_RUNPATH_SEARCH_PATHS = (
					"$(inherited)",
					"@executable_path/Frameworks",
				);
				MARKETING_VERSION = 1.0;
				PRODUCT_BUNDLE_IDENTIFIER = com.azmobiledev.Socialacademy;
				PRODUCT_NAME = "$(TARGET_NAME)";
				SWIFT_EMIT_LOC_STRINGS = YES;
				SWIFT_VERSION = 5.0;
				TARGETED_DEVICE_FAMILY = "1,2";
			};
			name = Release;
		};
/* End XCBuildConfiguration section */

/* Begin XCConfigurationList section */
		58D55FDC284D24EB00643513 /* Build configuration list for PBXProject "Socialacademy" */ = {
			isa = XCConfigurationList;
			buildConfigurations = (
				58D55FED284D24EB00643513 /* Debug */,
				58D55FEE284D24EB00643513 /* Release */,
			);
			defaultConfigurationIsVisible = 0;
			defaultConfigurationName = Release;
		};
		58D55FEF284D24EB00643513 /* Build configuration list for PBXNativeTarget "Socialacademy" */ = {
			isa = XCConfigurationList;
			buildConfigurations = (
				58D55FF0284D24EB00643513 /* Debug */,
				58D55FF1284D24EB00643513 /* Release */,
			);
			defaultConfigurationIsVisible = 0;
			defaultConfigurationName = Release;
		};
/* End XCConfigurationList section */

/* Begin XCRemoteSwiftPackageReference section */
		58D55FF2284D258600643513 /* XCRemoteSwiftPackageReference "firebase-ios-sdk" */ = {
			isa = XCRemoteSwiftPackageReference;
			repositoryURL = "https://github.com/firebase/firebase-ios-sdk";
			requirement = {
				branch = master;
				kind = branch;
			};
		};
/* End XCRemoteSwiftPackageReference section */

/* Begin XCSwiftPackageProductDependency section */
		58D55FF3284D258600643513 /* FirebaseAnalytics */ = {
			isa = XCSwiftPackageProductDependency;
			package = 58D55FF2284D258600643513 /* XCRemoteSwiftPackageReference "firebase-ios-sdk" */;
			productName = FirebaseAnalytics;
		};
		58D55FF5284D258600643513 /* FirebaseFirestore */ = {
			isa = XCSwiftPackageProductDependency;
			package = 58D55FF2284D258600643513 /* XCRemoteSwiftPackageReference "firebase-ios-sdk" */;
			productName = FirebaseFirestore;
		};
		58D55FF7284D258600643513 /* FirebaseFirestoreSwift */ = {
			isa = XCSwiftPackageProductDependency;
			package = 58D55FF2284D258600643513 /* XCRemoteSwiftPackageReference "firebase-ios-sdk" */;
			productName = FirebaseFirestoreSwift;
		};
/* End XCSwiftPackageProductDependency section */
	};
	rootObject = 58D55FD9284D24EB00643513 /* Project object */;
}
